
Microsoft Visual Studio Solution File, Format Version 12.00
# Visual Studio Version 17
VisualStudioVersion = 17.7.34031.279
MinimumVisualStudioVersion = 10.0.40219.1
Project("{FAE04EC0-301F-11D3-BF4B-00C04F79EFBC}") = "Windows Forms App", "Windows Forms App\Windows Forms App.csproj", "{6F39626C-565D-4640-A985-820533EA7E40}"
EndProject
Project("{FAE04EC0-301F-11D3-BF4B-00C04F79EFBC}") = "Console App", "Console App\Console App.csproj", "{ADEA1E67-AEA7-4C62-88E9-2CAA9E21A660}"
EndProject
Project("{FAE04EC0-301F-11D3-BF4B-00C04F79EFBC}") = "Class Library", "Class Library\Class Library.csproj", "{9082A16A-FE30-4934-BD08-A40D0828C7AF}"
EndProject
Global
	GlobalSection(SolutionConfigurationPlatforms) = preSolution
		Debug|Any CPU = Debug|Any CPU
		Release|Any CPU = Release|Any CPU
	EndGlobalSection
	GlobalSection(ProjectConfigurationPlatforms) = postSolution
		{6F39626C-565D-4640-A985-820533EA7E40}.Debug|Any CPU.ActiveCfg = Debug|Any CPU
		{6F39626C-565D-4640-A985-820533EA7E40}.Debug|Any CPU.Build.0 = Debug|Any CPU
		{6F39626C-565D-4640-A985-820533EA7E40}.Release|Any CPU.ActiveCfg = Release|Any CPU
		{6F39626C-565D-4640-A985-820533EA7E40}.Release|Any CPU.Build.0 = Release|Any CPU
		{ADEA1E67-AEA7-4C62-88E9-2CAA9E21A660}.Debug|Any CPU.ActiveCfg = Debug|Any CPU
		{ADEA1E67-AEA7-4C62-88E9-2CAA9E21A660}.Debug|Any CPU.Build.0 = Debug|Any CPU
		{ADEA1E67-AEA7-4C62-88E9-2CAA9E21A660}.Release|Any CPU.ActiveCfg = Release|Any CPU
		{ADEA1E67-AEA7-4C62-88E9-2CAA9E21A660}.Release|Any CPU.Build.0 = Release|Any CPU
		{9082A16A-FE30-4934-BD08-A40D0828C7AF}.Debug|Any CPU.ActiveCfg = Debug|Any CPU
		{9082A16A-FE30-4934-BD08-A40D0828C7AF}.Debug|Any CPU.Build.0 = Debug|Any CPU
		{9082A16A-FE30-4934-BD08-A40D0828C7AF}.Release|Any CPU.ActiveCfg = Release|Any CPU
		{9082A16A-FE30-4934-BD08-A40D0828C7AF}.Release|Any CPU.Build.0 = Release|Any CPU
	EndGlobalSection
	GlobalSection(SolutionProperties) = preSolution
		HideSolutionNode = FALSE
	EndGlobalSection
	GlobalSection(ExtensibilityGlobals) = postSolution
		SolutionGuid = {2D2429FD-19FF-49E8-A3FC-201D8E64A623}
	EndGlobalSection
EndGlobal
